
Microsoft Visual Studio Solution File, Format Version 12.00
# Visual Studio Version 17
VisualStudioVersion = 17.0.31919.166
MinimumVisualStudioVersion = 10.0.40219.1
Project("{9A19103F-16F7-4668-BE54-9A1E7A4F7556}") = "Interface", "Clients\Interface\Interface.csproj", "{BC8CA66A-33D5-4B27-B017-1CABD3CE6AD4}"
EndProject
Project("{9A19103F-16F7-4668-BE54-9A1E7A4F7556}") = "Common", "Common\Common.csproj", "{CB10C88F-907D-40A9-83B3-FA97C4AC2E99}"
EndProject
Project("{9A19103F-16F7-4668-BE54-9A1E7A4F7556}") = "DataAnalysisService", "DataAnalysis\DataAnalysisService\DataAnalysisService.csproj", "{87B0126E-259C-4492-A028-A7EAB79B1EBD}"
EndProject
Project("{9A19103F-16F7-4668-BE54-9A1E7A4F7556}") = "DataCollectionService.Grpc.UI", "DataCollection\DataCollectionService.Grpc.UI\DataCollectionService.Grpc.UI.csproj", "{18B4A07B-5257-4030-9AE5-43E1E86E419B}"
EndProject
Project("{9A19103F-16F7-4668-BE54-9A1E7A4F7556}") = "DevTool", "Clients\DevTool\DevTool.csproj", "{1614E0D7-3BE9-4768-AFDA-F5273091B5C4}"
	ProjectSection(ProjectDependencies) = postProject
		{CB10C88F-907D-40A9-83B3-FA97C4AC2E99} = {CB10C88F-907D-40A9-83B3-FA97C4AC2E99}
	EndProjectSection
EndProject
Project("{2150E333-8FDC-42A3-9474-1A3956D46DE8}") = "DataCollection", "DataCollection", "{8E10A5CD-2DFF-4584-9049-5CD94F5AD2A6}"
EndProject
Project("{9A19103F-16F7-4668-BE54-9A1E7A4F7556}") = "DataCollectionService.Domain", "DataCollection\DataCollectionService.Domain\DataCollectionService.Domain.csproj", "{1570936A-619A-433E-AF46-F5FC52DF6F2C}"
EndProject
Project("{9A19103F-16F7-4668-BE54-9A1E7A4F7556}") = "DataCollectionService.Application", "DataCollection\DataCollectionService.Application\DataCollectionService.Application.csproj", "{206DA288-EB92-4356-9D81-9C35356C81C4}"
EndProject
Project("{9A19103F-16F7-4668-BE54-9A1E7A4F7556}") = "DataCollectionService.Infrastructure", "DataCollection\DataCollectionService.Infrastructure\DataCollectionService.Infrastructure.csproj", "{5CE76E1D-C968-4B5F-912F-2E0F19FCEC7F}"
EndProject
Project("{2150E333-8FDC-42A3-9474-1A3956D46DE8}") = "Clients", "Clients", "{6B32B967-BDFD-4201-A0D4-5B0F0506AC2C}"
EndProject
Project("{2150E333-8FDC-42A3-9474-1A3956D46DE8}") = "DataAnalysis", "DataAnalysis", "{01403E3E-9DFF-49C9-94A1-E8F93C2E261B}"
EndProject
Project("{2150E333-8FDC-42A3-9474-1A3956D46DE8}") = "Tests", "Tests", "{5E1807B0-0766-4A04-B2E6-EAF691EF0A3E}"
EndProject
Project("{2150E333-8FDC-42A3-9474-1A3956D46DE8}") = "Tests", "Tests", "{83BC3699-AEC9-4DC7-8D61-500C4A21E549}"
EndProject
Project("{FAE04EC0-301F-11D3-BF4B-00C04F79EFBC}") = "DataCollectionService.Infrastructure.Tests", "DataCollection\Tests\DataCollectionService.Infrastructure.Tests\DataCollectionService.Infrastructure.Tests.csproj", "{793F5825-B735-43F1-8141-A27FFA8760F9}"
EndProject
Project("{FAE04EC0-301F-11D3-BF4B-00C04F79EFBC}") = "DataCollectionService.Application.Tests", "DataCollection\Tests\DataCollectionService.Application.Tests\DataCollectionService.Application.Tests.csproj", "{C1FD7546-FAAF-4C13-8D19-054E6AA5952D}"
EndProject
Global
	GlobalSection(SolutionConfigurationPlatforms) = preSolution
		Debug|Any CPU = Debug|Any CPU
		Release|Any CPU = Release|Any CPU
	EndGlobalSection
	GlobalSection(ProjectConfigurationPlatforms) = postSolution
		{BC8CA66A-33D5-4B27-B017-1CABD3CE6AD4}.Debug|Any CPU.ActiveCfg = Debug|Any CPU
		{BC8CA66A-33D5-4B27-B017-1CABD3CE6AD4}.Debug|Any CPU.Build.0 = Debug|Any CPU
		{BC8CA66A-33D5-4B27-B017-1CABD3CE6AD4}.Release|Any CPU.ActiveCfg = Release|Any CPU
		{BC8CA66A-33D5-4B27-B017-1CABD3CE6AD4}.Release|Any CPU.Build.0 = Release|Any CPU
		{CB10C88F-907D-40A9-83B3-FA97C4AC2E99}.Debug|Any CPU.ActiveCfg = Debug|Any CPU
		{CB10C88F-907D-40A9-83B3-FA97C4AC2E99}.Debug|Any CPU.Build.0 = Debug|Any CPU
		{CB10C88F-907D-40A9-83B3-FA97C4AC2E99}.Release|Any CPU.ActiveCfg = Release|Any CPU
		{CB10C88F-907D-40A9-83B3-FA97C4AC2E99}.Release|Any CPU.Build.0 = Release|Any CPU
		{87B0126E-259C-4492-A028-A7EAB79B1EBD}.Debug|Any CPU.ActiveCfg = Debug|Any CPU
		{87B0126E-259C-4492-A028-A7EAB79B1EBD}.Debug|Any CPU.Build.0 = Debug|Any CPU
		{87B0126E-259C-4492-A028-A7EAB79B1EBD}.Release|Any CPU.ActiveCfg = Release|Any CPU
		{87B0126E-259C-4492-A028-A7EAB79B1EBD}.Release|Any CPU.Build.0 = Release|Any CPU
		{18B4A07B-5257-4030-9AE5-43E1E86E419B}.Debug|Any CPU.ActiveCfg = Debug|Any CPU
		{18B4A07B-5257-4030-9AE5-43E1E86E419B}.Debug|Any CPU.Build.0 = Debug|Any CPU
		{18B4A07B-5257-4030-9AE5-43E1E86E419B}.Release|Any CPU.ActiveCfg = Release|Any CPU
		{18B4A07B-5257-4030-9AE5-43E1E86E419B}.Release|Any CPU.Build.0 = Release|Any CPU
		{1614E0D7-3BE9-4768-AFDA-F5273091B5C4}.Debug|Any CPU.ActiveCfg = Debug|Any CPU
		{1614E0D7-3BE9-4768-AFDA-F5273091B5C4}.Debug|Any CPU.Build.0 = Debug|Any CPU
		{1614E0D7-3BE9-4768-AFDA-F5273091B5C4}.Release|Any CPU.ActiveCfg = Release|Any CPU
		{1614E0D7-3BE9-4768-AFDA-F5273091B5C4}.Release|Any CPU.Build.0 = Release|Any CPU
		{1570936A-619A-433E-AF46-F5FC52DF6F2C}.Debug|Any CPU.ActiveCfg = Debug|Any CPU
		{1570936A-619A-433E-AF46-F5FC52DF6F2C}.Debug|Any CPU.Build.0 = Debug|Any CPU
		{1570936A-619A-433E-AF46-F5FC52DF6F2C}.Release|Any CPU.ActiveCfg = Release|Any CPU
		{1570936A-619A-433E-AF46-F5FC52DF6F2C}.Release|Any CPU.Build.0 = Release|Any CPU
		{206DA288-EB92-4356-9D81-9C35356C81C4}.Debug|Any CPU.ActiveCfg = Debug|Any CPU
		{206DA288-EB92-4356-9D81-9C35356C81C4}.Debug|Any CPU.Build.0 = Debug|Any CPU
		{206DA288-EB92-4356-9D81-9C35356C81C4}.Release|Any CPU.ActiveCfg = Release|Any CPU
		{206DA288-EB92-4356-9D81-9C35356C81C4}.Release|Any CPU.Build.0 = Release|Any CPU
		{5CE76E1D-C968-4B5F-912F-2E0F19FCEC7F}.Debug|Any CPU.ActiveCfg = Debug|Any CPU
		{5CE76E1D-C968-4B5F-912F-2E0F19FCEC7F}.Debug|Any CPU.Build.0 = Debug|Any CPU
		{5CE76E1D-C968-4B5F-912F-2E0F19FCEC7F}.Release|Any CPU.ActiveCfg = Release|Any CPU
		{5CE76E1D-C968-4B5F-912F-2E0F19FCEC7F}.Release|Any CPU.Build.0 = Release|Any CPU
		{793F5825-B735-43F1-8141-A27FFA8760F9}.Debug|Any CPU.ActiveCfg = Debug|Any CPU
		{793F5825-B735-43F1-8141-A27FFA8760F9}.Debug|Any CPU.Build.0 = Debug|Any CPU
		{793F5825-B735-43F1-8141-A27FFA8760F9}.Release|Any CPU.ActiveCfg = Release|Any CPU
		{793F5825-B735-43F1-8141-A27FFA8760F9}.Release|Any CPU.Build.0 = Release|Any CPU
		{C1FD7546-FAAF-4C13-8D19-054E6AA5952D}.Debug|Any CPU.ActiveCfg = Debug|Any CPU
		{C1FD7546-FAAF-4C13-8D19-054E6AA5952D}.Debug|Any CPU.Build.0 = Debug|Any CPU
		{C1FD7546-FAAF-4C13-8D19-054E6AA5952D}.Release|Any CPU.ActiveCfg = Release|Any CPU
		{C1FD7546-FAAF-4C13-8D19-054E6AA5952D}.Release|Any CPU.Build.0 = Release|Any CPU
	EndGlobalSection
	GlobalSection(SolutionProperties) = preSolution
		HideSolutionNode = FALSE
	EndGlobalSection
	GlobalSection(NestedProjects) = preSolution
		{BC8CA66A-33D5-4B27-B017-1CABD3CE6AD4} = {6B32B967-BDFD-4201-A0D4-5B0F0506AC2C}
		{87B0126E-259C-4492-A028-A7EAB79B1EBD} = {01403E3E-9DFF-49C9-94A1-E8F93C2E261B}
		{18B4A07B-5257-4030-9AE5-43E1E86E419B} = {8E10A5CD-2DFF-4584-9049-5CD94F5AD2A6}
		{1614E0D7-3BE9-4768-AFDA-F5273091B5C4} = {6B32B967-BDFD-4201-A0D4-5B0F0506AC2C}
		{1570936A-619A-433E-AF46-F5FC52DF6F2C} = {8E10A5CD-2DFF-4584-9049-5CD94F5AD2A6}
		{206DA288-EB92-4356-9D81-9C35356C81C4} = {8E10A5CD-2DFF-4584-9049-5CD94F5AD2A6}
		{5CE76E1D-C968-4B5F-912F-2E0F19FCEC7F} = {8E10A5CD-2DFF-4584-9049-5CD94F5AD2A6}
		{5E1807B0-0766-4A04-B2E6-EAF691EF0A3E} = {8E10A5CD-2DFF-4584-9049-5CD94F5AD2A6}
		{83BC3699-AEC9-4DC7-8D61-500C4A21E549} = {01403E3E-9DFF-49C9-94A1-E8F93C2E261B}
		{793F5825-B735-43F1-8141-A27FFA8760F9} = {5E1807B0-0766-4A04-B2E6-EAF691EF0A3E}
		{C1FD7546-FAAF-4C13-8D19-054E6AA5952D} = {5E1807B0-0766-4A04-B2E6-EAF691EF0A3E}
	EndGlobalSection
	GlobalSection(ExtensibilityGlobals) = postSolution
		SolutionGuid = {4EE07DFF-0494-494B-9662-4080114B39F0}
	EndGlobalSection
EndGlobal
